// !$*UTF8*$!
{
	archiveVersion = 1;
	classes = {
	};
	objectVersion = 50;
	objects = {

/* Begin PBXBuildFile section */
		55159EFA228A0F6F0060B92F /* ChatViewController.swift in Sources */ = {isa = PBXBuildFile; fileRef = 55159EF9228A0F6F0060B92F /* ChatViewController.swift */; };
		55159EFC228A0F7B0060B92F /* ChannelViewController.swift in Sources */ = {isa = PBXBuildFile; fileRef = 55159EFB228A0F7B0060B92F /* ChannelViewController.swift */; };
		551D758F228A1AA20081D999 /* SWRevealViewController.m in Sources */ = {isa = PBXBuildFile; fileRef = 551D758E228A1AA20081D999 /* SWRevealViewController.m */; };
		551D7591228A1AC40081D999 /* Wack-Bridging-Header.h in Sources */ = {isa = PBXBuildFile; fileRef = 551D7590228A1AC40081D999 /* Wack-Bridging-Header.h */; };
		552C372C228A033400E0EE92 /* AppDelegate.swift in Sources */ = {isa = PBXBuildFile; fileRef = 552C372B228A033400E0EE92 /* AppDelegate.swift */; };
		552C3731228A033400E0EE92 /* Main.storyboard in Resources */ = {isa = PBXBuildFile; fileRef = 552C372F228A033400E0EE92 /* Main.storyboard */; };
		552C3733228A033500E0EE92 /* Assets.xcassets in Resources */ = {isa = PBXBuildFile; fileRef = 552C3732228A033500E0EE92 /* Assets.xcassets */; };
		552C3736228A033500E0EE92 /* LaunchScreen.storyboard in Resources */ = {isa = PBXBuildFile; fileRef = 552C3734228A033500E0EE92 /* LaunchScreen.storyboard */; };
		557F8404228B22D800F1E37E /* Constants.swift in Sources */ = {isa = PBXBuildFile; fileRef = 557F8403228B22D800F1E37E /* Constants.swift */; };
		557F8406228B299900F1E37E /* LoginViewController.swift in Sources */ = {isa = PBXBuildFile; fileRef = 557F8405228B299900F1E37E /* LoginViewController.swift */; };
		557F8408228B2B5000F1E37E /* CreateAccountViewController.swift in Sources */ = {isa = PBXBuildFile; fileRef = 557F8407228B2B5000F1E37E /* CreateAccountViewController.swift */; };
		557F840B228B621B00F1E37E /* AuthService.swift in Sources */ = {isa = PBXBuildFile; fileRef = 557F840A228B621B00F1E37E /* AuthService.swift */; };
		557F840D228B702300F1E37E /* RoundedButton.swift in Sources */ = {isa = PBXBuildFile; fileRef = 557F840C228B702300F1E37E /* RoundedButton.swift */; };
		55A3E14F228C64D100AA5B07 /* UserDataService.swift in Sources */ = {isa = PBXBuildFile; fileRef = 55A3E14E228C64D100AA5B07 /* UserDataService.swift */; };
		55A3E151228C7CEC00AA5B07 /* AvatarPickerViewController.swift in Sources */ = {isa = PBXBuildFile; fileRef = 55A3E150228C7CEC00AA5B07 /* AvatarPickerViewController.swift */; };
		55A3E153228C7F7A00AA5B07 /* AvatarCell.swift in Sources */ = {isa = PBXBuildFile; fileRef = 55A3E152228C7F7A00AA5B07 /* AvatarCell.swift */; };
		55A3E155228C96A000AA5B07 /* CircleImage.swift in Sources */ = {isa = PBXBuildFile; fileRef = 55A3E154228C96A000AA5B07 /* CircleImage.swift */; };
		55B0B854228CB513000C9C3F /* Extensions.swift in Sources */ = {isa = PBXBuildFile; fileRef = 55B0B853228CB513000C9C3F /* Extensions.swift */; };
		55B0B858228CD469000C9C3F /* ProfileViewController.swift in Sources */ = {isa = PBXBuildFile; fileRef = 55B0B856228CD469000C9C3F /* ProfileViewController.swift */; };
		55B0B859228CD469000C9C3F /* ProfileViewController.xib in Resources */ = {isa = PBXBuildFile; fileRef = 55B0B857228CD469000C9C3F /* ProfileViewController.xib */; };
		55BB4897228B11C200025206 /* GradientView.swift in Sources */ = {isa = PBXBuildFile; fileRef = 55BB4896228B11C200025206 /* GradientView.swift */; };
		635448601005BCFF721790D3 /* Pods_Wack.framework in Frameworks */ = {isa = PBXBuildFile; fileRef = 172129D5A6F2040C37C83A09 /* Pods_Wack.framework */; };
/* End PBXBuildFile section */

/* Begin PBXFileReference section */
		172129D5A6F2040C37C83A09 /* Pods_Wack.framework */ = {isa = PBXFileReference; explicitFileType = wrapper.framework; includeInIndex = 0; path = Pods_Wack.framework; sourceTree = BUILT_PRODUCTS_DIR; };
		2A9D94278E9360A6943343C6 /* Pods-Wack.release.xcconfig */ = {isa = PBXFileReference; includeInIndex = 1; lastKnownFileType = text.xcconfig; name = "Pods-Wack.release.xcconfig"; path = "Pods/Target Support Files/Pods-Wack/Pods-Wack.release.xcconfig"; sourceTree = "<group>"; };
		55159EF9228A0F6F0060B92F /* ChatViewController.swift */ = {isa = PBXFileReference; lastKnownFileType = sourcecode.swift; path = ChatViewController.swift; sourceTree = "<group>"; };
		55159EFB228A0F7B0060B92F /* ChannelViewController.swift */ = {isa = PBXFileReference; lastKnownFileType = sourcecode.swift; path = ChannelViewController.swift; sourceTree = "<group>"; };
		551D758D228A1AA20081D999 /* SWRevealViewController.h */ = {isa = PBXFileReference; fileEncoding = 4; lastKnownFileType = sourcecode.c.h; path = SWRevealViewController.h; sourceTree = "<group>"; };
		551D758E228A1AA20081D999 /* SWRevealViewController.m */ = {isa = PBXFileReference; fileEncoding = 4; lastKnownFileType = sourcecode.c.objc; path = SWRevealViewController.m; sourceTree = "<group>"; };
		551D7590228A1AC40081D999 /* Wack-Bridging-Header.h */ = {isa = PBXFileReference; lastKnownFileType = sourcecode.c.h; path = "Wack-Bridging-Header.h"; sourceTree = "<group>"; };
		552C3728228A033400E0EE92 /* Wack.app */ = {isa = PBXFileReference; explicitFileType = wrapper.application; includeInIndex = 0; path = Wack.app; sourceTree = BUILT_PRODUCTS_DIR; };
		552C372B228A033400E0EE92 /* AppDelegate.swift */ = {isa = PBXFileReference; lastKnownFileType = sourcecode.swift; path = AppDelegate.swift; sourceTree = "<group>"; };
		552C3730228A033400E0EE92 /* Base */ = {isa = PBXFileReference; lastKnownFileType = file.storyboard; name = Base; path = Base.lproj/Main.storyboard; sourceTree = "<group>"; };
		552C3732228A033500E0EE92 /* Assets.xcassets */ = {isa = PBXFileReference; lastKnownFileType = folder.assetcatalog; path = Assets.xcassets; sourceTree = "<group>"; };
		552C3735228A033500E0EE92 /* Base */ = {isa = PBXFileReference; lastKnownFileType = file.storyboard; name = Base; path = Base.lproj/LaunchScreen.storyboard; sourceTree = "<group>"; };
		552C3737228A033500E0EE92 /* Info.plist */ = {isa = PBXFileReference; lastKnownFileType = text.plist.xml; path = Info.plist; sourceTree = "<group>"; };
		557F8403228B22D800F1E37E /* Constants.swift */ = {isa = PBXFileReference; lastKnownFileType = sourcecode.swift; path = Constants.swift; sourceTree = "<group>"; };
		557F8405228B299900F1E37E /* LoginViewController.swift */ = {isa = PBXFileReference; lastKnownFileType = sourcecode.swift; path = LoginViewController.swift; sourceTree = "<group>"; };
		557F8407228B2B5000F1E37E /* CreateAccountViewController.swift */ = {isa = PBXFileReference; lastKnownFileType = sourcecode.swift; path = CreateAccountViewController.swift; sourceTree = "<group>"; };
		557F840A228B621B00F1E37E /* AuthService.swift */ = {isa = PBXFileReference; lastKnownFileType = sourcecode.swift; path = AuthService.swift; sourceTree = "<group>"; };
		557F840C228B702300F1E37E /* RoundedButton.swift */ = {isa = PBXFileReference; lastKnownFileType = sourcecode.swift; path = RoundedButton.swift; sourceTree = "<group>"; };
		55A3E14E228C64D100AA5B07 /* UserDataService.swift */ = {isa = PBXFileReference; lastKnownFileType = sourcecode.swift; path = UserDataService.swift; sourceTree = "<group>"; };
		55A3E150228C7CEC00AA5B07 /* AvatarPickerViewController.swift */ = {isa = PBXFileReference; lastKnownFileType = sourcecode.swift; path = AvatarPickerViewController.swift; sourceTree = "<group>"; };
		55A3E152228C7F7A00AA5B07 /* AvatarCell.swift */ = {isa = PBXFileReference; lastKnownFileType = sourcecode.swift; path = AvatarCell.swift; sourceTree = "<group>"; };
		55A3E154228C96A000AA5B07 /* CircleImage.swift */ = {isa = PBXFileReference; lastKnownFileType = sourcecode.swift; path = CircleImage.swift; sourceTree = "<group>"; };
		55B0B853228CB513000C9C3F /* Extensions.swift */ = {isa = PBXFileReference; lastKnownFileType = sourcecode.swift; path = Extensions.swift; sourceTree = "<group>"; };
		55B0B856228CD469000C9C3F /* ProfileViewController.swift */ = {isa = PBXFileReference; lastKnownFileType = sourcecode.swift; path = ProfileViewController.swift; sourceTree = "<group>"; };
		55B0B857228CD469000C9C3F /* ProfileViewController.xib */ = {isa = PBXFileReference; lastKnownFileType = file.xib; path = ProfileViewController.xib; sourceTree = "<group>"; };
		55BB4896228B11C200025206 /* GradientView.swift */ = {isa = PBXFileReference; lastKnownFileType = sourcecode.swift; path = GradientView.swift; sourceTree = "<group>"; };
		EFCF1694E7F63B1F12980A0A /* Pods-Wack.debug.xcconfig */ = {isa = PBXFileReference; includeInIndex = 1; lastKnownFileType = text.xcconfig; name = "Pods-Wack.debug.xcconfig"; path = "Pods/Target Support Files/Pods-Wack/Pods-Wack.debug.xcconfig"; sourceTree = "<group>"; };
/* End PBXFileReference section */

/* Begin PBXFrameworksBuildPhase section */
		552C3725228A033400E0EE92 /* Frameworks */ = {
			isa = PBXFrameworksBuildPhase;
			buildActionMask = 2147483647;
			files = (
				635448601005BCFF721790D3 /* Pods_Wack.framework in Frameworks */,
			);
			runOnlyForDeploymentPostprocessing = 0;
		};
/* End PBXFrameworksBuildPhase section */

/* Begin PBXGroup section */
		55159EF6228A0F430060B92F /* Controller */ = {
			isa = PBXGroup;
			children = (
				55159EF9228A0F6F0060B92F /* ChatViewController.swift */,
				55159EFB228A0F7B0060B92F /* ChannelViewController.swift */,
				557F8405228B299900F1E37E /* LoginViewController.swift */,
				557F8407228B2B5000F1E37E /* CreateAccountViewController.swift */,
				55A3E150228C7CEC00AA5B07 /* AvatarPickerViewController.swift */,
				55B0B856228CD469000C9C3F /* ProfileViewController.swift */,
			);
			path = Controller;
			sourceTree = "<group>";
		};
		551D758C228A1A840081D999 /* SupportingFiles */ = {
			isa = PBXGroup;
			children = (
				551D758D228A1AA20081D999 /* SWRevealViewController.h */,
				551D758E228A1AA20081D999 /* SWRevealViewController.m */,
				551D7590228A1AC40081D999 /* Wack-Bridging-Header.h */,
			);
			path = SupportingFiles;
			sourceTree = "<group>";
		};
		552C371F228A033400E0EE92 = {
			isa = PBXGroup;
			children = (
				552C372A228A033400E0EE92 /* Wack */,
				552C3729228A033400E0EE92 /* Products */,
				E5CE7D51808B8E8939B31240 /* Pods */,
				776142AE6F8E5E19F5E0E218 /* Frameworks */,
			);
			sourceTree = "<group>";
		};
		552C3729228A033400E0EE92 /* Products */ = {
			isa = PBXGroup;
			children = (
				552C3728228A033400E0EE92 /* Wack.app */,
			);
			name = Products;
			sourceTree = "<group>";
		};
		552C372A228A033400E0EE92 /* Wack */ = {
			isa = PBXGroup;
			children = (
				552C372B228A033400E0EE92 /* AppDelegate.swift */,
				557F8409228B620400F1E37E /* Services */,
				55BB4895228B11AF00025206 /* View */,
				55159EF6228A0F430060B92F /* Controller */,
				557F8402228B22C200F1E37E /* Utilities */,
				551D758C228A1A840081D999 /* SupportingFiles */,
				552C3732228A033500E0EE92 /* Assets.xcassets */,
				552C3737228A033500E0EE92 /* Info.plist */,
			);
			path = Wack;
			sourceTree = "<group>";
		};
		557F8402228B22C200F1E37E /* Utilities */ = {
			isa = PBXGroup;
			children = (
				557F8403228B22D800F1E37E /* Constants.swift */,
				55B0B853228CB513000C9C3F /* Extensions.swift */,
			);
			path = Utilities;
			sourceTree = "<group>";
		};
		557F8409228B620400F1E37E /* Services */ = {
			isa = PBXGroup;
			children = (
				557F840A228B621B00F1E37E /* AuthService.swift */,
				55A3E14E228C64D100AA5B07 /* UserDataService.swift */,
			);
			path = Services;
			sourceTree = "<group>";
		};
		55B0B85A228CD4DC000C9C3F /* XIBs */ = {
			isa = PBXGroup;
			children = (
				55B0B857228CD469000C9C3F /* ProfileViewController.xib */,
			);
			path = XIBs;
			sourceTree = "<group>";
		};
		55BB4895228B11AF00025206 /* View */ = {
			isa = PBXGroup;
			children = (
				552C372F228A033400E0EE92 /* Main.storyboard */,
				552C3734228A033500E0EE92 /* LaunchScreen.storyboard */,
				55BB4896228B11C200025206 /* GradientView.swift */,
				557F840C228B702300F1E37E /* RoundedButton.swift */,
				55A3E152228C7F7A00AA5B07 /* AvatarCell.swift */,
				55A3E154228C96A000AA5B07 /* CircleImage.swift */,
				55B0B85A228CD4DC000C9C3F /* XIBs */,
			);
			path = View;
			sourceTree = "<group>";
		};
		776142AE6F8E5E19F5E0E218 /* Frameworks */ = {
			isa = PBXGroup;
			children = (
				172129D5A6F2040C37C83A09 /* Pods_Wack.framework */,
			);
			name = Frameworks;
			sourceTree = "<group>";
		};
		E5CE7D51808B8E8939B31240 /* Pods */ = {
			isa = PBXGroup;
			children = (
				EFCF1694E7F63B1F12980A0A /* Pods-Wack.debug.xcconfig */,
				2A9D94278E9360A6943343C6 /* Pods-Wack.release.xcconfig */,
			);
			name = Pods;
			sourceTree = "<group>";
		};
/* End PBXGroup section */

/* Begin PBXNativeTarget section */
		552C3727228A033400E0EE92 /* Wack */ = {
			isa = PBXNativeTarget;
			buildConfigurationList = 552C373A228A033500E0EE92 /* Build configuration list for PBXNativeTarget "Wack" */;
			buildPhases = (
				2DAAD596A86B34E60832818B /* [CP] Check Pods Manifest.lock */,
				552C3724228A033400E0EE92 /* Sources */,
				552C3725228A033400E0EE92 /* Frameworks */,
				552C3726228A033400E0EE92 /* Resources */,
				6A6A1F8EDCF78FF4A97BC0B9 /* [CP] Embed Pods Frameworks */,
				55B0B855228CCB7F000C9C3F /* ShellScript */,
			);
			buildRules = (
			);
			dependencies = (
			);
			name = Wack;
			productName = Wack;
			productReference = 552C3728228A033400E0EE92 /* Wack.app */;
			productType = "com.apple.product-type.application";
		};
/* End PBXNativeTarget section */

/* Begin PBXProject section */
		552C3720228A033400E0EE92 /* Project object */ = {
			isa = PBXProject;
			attributes = {
				LastSwiftUpdateCheck = 1020;
				LastUpgradeCheck = 1020;
				ORGANIZATIONNAME = "Stephen Bassett";
				TargetAttributes = {
					552C3727228A033400E0EE92 = {
						CreatedOnToolsVersion = 10.2.1;
						LastSwiftMigration = 1020;
					};
				};
			};
			buildConfigurationList = 552C3723228A033400E0EE92 /* Build configuration list for PBXProject "Wack" */;
			compatibilityVersion = "Xcode 9.3";
			developmentRegion = en;
			hasScannedForEncodings = 0;
			knownRegions = (
				en,
				Base,
			);
			mainGroup = 552C371F228A033400E0EE92;
			productRefGroup = 552C3729228A033400E0EE92 /* Products */;
			projectDirPath = "";
			projectRoot = "";
			targets = (
				552C3727228A033400E0EE92 /* Wack */,
			);
		};
/* End PBXProject section */

/* Begin PBXResourcesBuildPhase section */
		552C3726228A033400E0EE92 /* Resources */ = {
			isa = PBXResourcesBuildPhase;
			buildActionMask = 2147483647;
			files = (
				552C3736228A033500E0EE92 /* LaunchScreen.storyboard in Resources */,
				552C3733228A033500E0EE92 /* Assets.xcassets in Resources */,
				55B0B859228CD469000C9C3F /* ProfileViewController.xib in Resources */,
				552C3731228A033400E0EE92 /* Main.storyboard in Resources */,
			);
			runOnlyForDeploymentPostprocessing = 0;
		};
/* End PBXResourcesBuildPhase section */

/* Begin PBXShellScriptBuildPhase section */
		2DAAD596A86B34E60832818B /* [CP] Check Pods Manifest.lock */ = {
			isa = PBXShellScriptBuildPhase;
			buildActionMask = 2147483647;
			files = (
			);
			inputPaths = (
				"${PODS_PODFILE_DIR_PATH}/Podfile.lock",
				"${PODS_ROOT}/Manifest.lock",
			);
			name = "[CP] Check Pods Manifest.lock";
			outputPaths = (
				"$(DERIVED_FILE_DIR)/Pods-Wack-checkManifestLockResult.txt",
			);
			runOnlyForDeploymentPostprocessing = 0;
			shellPath = /bin/sh;
			shellScript = "diff \"${PODS_PODFILE_DIR_PATH}/Podfile.lock\" \"${PODS_ROOT}/Manifest.lock\" > /dev/null\nif [ $? != 0 ] ; then\n    # print error to STDERR\n    echo \"error: The sandbox is not in sync with the Podfile.lock. Run 'pod install' or update your CocoaPods installation.\" >&2\n    exit 1\nfi\n# This output is used by Xcode 'outputs' to avoid re-running this script phase.\necho \"SUCCESS\" > \"${SCRIPT_OUTPUT_FILE_0}\"\n";
			showEnvVarsInLog = 0;
		};
		55B0B855228CCB7F000C9C3F /* ShellScript */ = {
			isa = PBXShellScriptBuildPhase;
			buildActionMask = 2147483647;
			files = (
			);
			inputFileListPaths = (
			);
			inputPaths = (
			);
			outputFileListPaths = (
			);
			outputPaths = (
			);
			runOnlyForDeploymentPostprocessing = 0;
			shellPath = /bin/sh;
			shellScript = "if which swiftlint >/dev/null; then\n    swiftlint\nelse\n    echo \"warning: SwiftLint not installed, download from https://github.com/realm/SwiftLint\"\nfi\n";
		};
		6A6A1F8EDCF78FF4A97BC0B9 /* [CP] Embed Pods Frameworks */ = {
			isa = PBXShellScriptBuildPhase;
			buildActionMask = 2147483647;
			files = (
			);
			inputPaths = (
				"${SRCROOT}/Pods/Target Support Files/Pods-Wack/Pods-Wack-frameworks.sh",
				"${BUILT_PRODUCTS_DIR}/Alamofire/Alamofire.framework",
				"${BUILT_PRODUCTS_DIR}/Socket.IO-Client-Swift/SocketIO.framework",
				"${BUILT_PRODUCTS_DIR}/Starscream/Starscream.framework",
				"${BUILT_PRODUCTS_DIR}/SwiftyJSON/SwiftyJSON.framework",
			);
			name = "[CP] Embed Pods Frameworks";
			outputPaths = (
				"${TARGET_BUILD_DIR}/${FRAMEWORKS_FOLDER_PATH}/Alamofire.framework",
				"${TARGET_BUILD_DIR}/${FRAMEWORKS_FOLDER_PATH}/SocketIO.framework",
				"${TARGET_BUILD_DIR}/${FRAMEWORKS_FOLDER_PATH}/Starscream.framework",
				"${TARGET_BUILD_DIR}/${FRAMEWORKS_FOLDER_PATH}/SwiftyJSON.framework",
			);
			runOnlyForDeploymentPostprocessing = 0;
			shellPath = /bin/sh;
			shellScript = "\"${SRCROOT}/Pods/Target Support Files/Pods-Wack/Pods-Wack-frameworks.sh\"\n";
			showEnvVarsInLog = 0;
		};
/* End PBXShellScriptBuildPhase section */

/* Begin PBXSourcesBuildPhase section */
		552C3724228A033400E0EE92 /* Sources */ = {
			isa = PBXSourcesBuildPhase;
			buildActionMask = 2147483647;
			files = (
				551D7591228A1AC40081D999 /* Wack-Bridging-Header.h in Sources */,
				552C372C228A033400E0EE92 /* AppDelegate.swift in Sources */,
				55A3E153228C7F7A00AA5B07 /* AvatarCell.swift in Sources */,
				55BB4897228B11C200025206 /* GradientView.swift in Sources */,
				55159EFA228A0F6F0060B92F /* ChatViewController.swift in Sources */,
				557F8406228B299900F1E37E /* LoginViewController.swift in Sources */,
				557F8404228B22D800F1E37E /* Constants.swift in Sources */,
				55B0B858228CD469000C9C3F /* ProfileViewController.swift in Sources */,
				55A3E14F228C64D100AA5B07 /* UserDataService.swift in Sources */,
				557F840D228B702300F1E37E /* RoundedButton.swift in Sources */,
				557F8408228B2B5000F1E37E /* CreateAccountViewController.swift in Sources */,
				557F840B228B621B00F1E37E /* AuthService.swift in Sources */,
				55B0B854228CB513000C9C3F /* Extensions.swift in Sources */,
				55159EFC228A0F7B0060B92F /* ChannelViewController.swift in Sources */,
				55A3E151228C7CEC00AA5B07 /* AvatarPickerViewController.swift in Sources */,
				551D758F228A1AA20081D999 /* SWRevealViewController.m in Sources */,
				55A3E155228C96A000AA5B07 /* CircleImage.swift in Sources */,
			);
			runOnlyForDeploymentPostprocessing = 0;
		};
/* End PBXSourcesBuildPhase section */

/* Begin PBXVariantGroup section */
		552C372F228A033400E0EE92 /* Main.storyboard */ = {
			isa = PBXVariantGroup;
			children = (
				552C3730228A033400E0EE92 /* Base */,
			);
			name = Main.storyboard;
			sourceTree = "<group>";
		};
		552C3734228A033500E0EE92 /* LaunchScreen.storyboard */ = {
			isa = PBXVariantGroup;
			children = (
				552C3735228A033500E0EE92 /* Base */,
			);
			name = LaunchScreen.storyboard;
			sourceTree = "<group>";
		};
/* End PBXVariantGroup section */

/* Begin XCBuildConfiguration section */
		552C3738228A033500E0EE92 /* Debug */ = {
			isa = XCBuildConfiguration;
			buildSettings = {
				ALWAYS_SEARCH_USER_PATHS = NO;
				CLANG_ANALYZER_NONNULL = YES;
				CLANG_ANALYZER_NUMBER_OBJECT_CONVERSION = YES_AGGRESSIVE;
				CLANG_CXX_LANGUAGE_STANDARD = "gnu++14";
				CLANG_CXX_LIBRARY = "libc++";
				CLANG_ENABLE_MODULES = YES;
				CLANG_ENABLE_OBJC_ARC = YES;
				CLANG_ENABLE_OBJC_WEAK = YES;
				CLANG_WARN_BLOCK_CAPTURE_AUTORELEASING = YES;
				CLANG_WARN_BOOL_CONVERSION = YES;
				CLANG_WARN_COMMA = YES;
				CLANG_WARN_CONSTANT_CONVERSION = YES;
				CLANG_WARN_DEPRECATED_OBJC_IMPLEMENTATIONS = YES;
				CLANG_WARN_DIRECT_OBJC_ISA_USAGE = YES_ERROR;
				CLANG_WARN_DOCUMENTATION_COMMENTS = YES;
				CLANG_WARN_EMPTY_BODY = YES;
				CLANG_WARN_ENUM_CONVERSION = YES;
				CLANG_WARN_INFINITE_RECURSION = YES;
				CLANG_WARN_INT_CONVERSION = YES;
				CLANG_WARN_NON_LITERAL_NULL_CONVERSION = YES;
				CLANG_WARN_OBJC_IMPLICIT_RETAIN_SELF = YES;
				CLANG_WARN_OBJC_LITERAL_CONVERSION = YES;
				CLANG_WARN_OBJC_ROOT_CLASS = YES_ERROR;
				CLANG_WARN_RANGE_LOOP_ANALYSIS = YES;
				CLANG_WARN_STRICT_PROTOTYPES = YES;
				CLANG_WARN_SUSPICIOUS_MOVE = YES;
				CLANG_WARN_UNGUARDED_AVAILABILITY = YES_AGGRESSIVE;
				CLANG_WARN_UNREACHABLE_CODE = YES;
				CLANG_WARN__DUPLICATE_METHOD_MATCH = YES;
				CODE_SIGN_IDENTITY = "iPhone Developer";
				COPY_PHASE_STRIP = NO;
				DEBUG_INFORMATION_FORMAT = dwarf;
				ENABLE_STRICT_OBJC_MSGSEND = YES;
				ENABLE_TESTABILITY = YES;
				GCC_C_LANGUAGE_STANDARD = gnu11;
				GCC_DYNAMIC_NO_PIC = NO;
				GCC_NO_COMMON_BLOCKS = YES;
				GCC_OPTIMIZATION_LEVEL = 0;
				GCC_PREPROCESSOR_DEFINITIONS = (
					"DEBUG=1",
					"$(inherited)",
				);
				GCC_WARN_64_TO_32_BIT_CONVERSION = YES;
				GCC_WARN_ABOUT_RETURN_TYPE = YES_ERROR;
				GCC_WARN_UNDECLARED_SELECTOR = YES;
				GCC_WARN_UNINITIALIZED_AUTOS = YES_AGGRESSIVE;
				GCC_WARN_UNUSED_FUNCTION = YES;
				GCC_WARN_UNUSED_VARIABLE = YES;
				IPHONEOS_DEPLOYMENT_TARGET = 12.2;
				MTL_ENABLE_DEBUG_INFO = INCLUDE_SOURCE;
				MTL_FAST_MATH = YES;
				ONLY_ACTIVE_ARCH = YES;
				SDKROOT = iphoneos;
				SWIFT_ACTIVE_COMPILATION_CONDITIONS = DEBUG;
				SWIFT_OPTIMIZATION_LEVEL = "-Onone";
			};
			name = Debug;
		};
		552C3739228A033500E0EE92 /* Release */ = {
			isa = XCBuildConfiguration;
			buildSettings = {
				ALWAYS_SEARCH_USER_PATHS = NO;
				CLANG_ANALYZER_NONNULL = YES;
				CLANG_ANALYZER_NUMBER_OBJECT_CONVERSION = YES_AGGRESSIVE;
				CLANG_CXX_LANGUAGE_STANDARD = "gnu++14";
				CLANG_CXX_LIBRARY = "libc++";
				CLANG_ENABLE_MODULES = YES;
				CLANG_ENABLE_OBJC_ARC = YES;
				CLANG_ENABLE_OBJC_WEAK = YES;
				CLANG_WARN_BLOCK_CAPTURE_AUTORELEASING = YES;
				CLANG_WARN_BOOL_CONVERSION = YES;
				CLANG_WARN_COMMA = YES;
				CLANG_WARN_CONSTANT_CONVERSION = YES;
				CLANG_WARN_DEPRECATED_OBJC_IMPLEMENTATIONS = YES;
				CLANG_WARN_DIRECT_OBJC_ISA_USAGE = YES_ERROR;
				CLANG_WARN_DOCUMENTATION_COMMENTS = YES;
				CLANG_WARN_EMPTY_BODY = YES;
				CLANG_WARN_ENUM_CONVERSION = YES;
				CLANG_WARN_INFINITE_RECURSION = YES;
				CLANG_WARN_INT_CONVERSION = YES;
				CLANG_WARN_NON_LITERAL_NULL_CONVERSION = YES;
				CLANG_WARN_OBJC_IMPLICIT_RETAIN_SELF = YES;
				CLANG_WARN_OBJC_LITERAL_CONVERSION = YES;
				CLANG_WARN_OBJC_ROOT_CLASS = YES_ERROR;
				CLANG_WARN_RANGE_LOOP_ANALYSIS = YES;
				CLANG_WARN_STRICT_PROTOTYPES = YES;
				CLANG_WARN_SUSPICIOUS_MOVE = YES;
				CLANG_WARN_UNGUARDED_AVAILABILITY = YES_AGGRESSIVE;
				CLANG_WARN_UNREACHABLE_CODE = YES;
				CLANG_WARN__DUPLICATE_METHOD_MATCH = YES;
				CODE_SIGN_IDENTITY = "iPhone Developer";
				COPY_PHASE_STRIP = NO;
				DEBUG_INFORMATION_FORMAT = "dwarf-with-dsym";
				ENABLE_NS_ASSERTIONS = NO;
				ENABLE_STRICT_OBJC_MSGSEND = YES;
				GCC_C_LANGUAGE_STANDARD = gnu11;
				GCC_NO_COMMON_BLOCKS = YES;
				GCC_WARN_64_TO_32_BIT_CONVERSION = YES;
				GCC_WARN_ABOUT_RETURN_TYPE = YES_ERROR;
				GCC_WARN_UNDECLARED_SELECTOR = YES;
				GCC_WARN_UNINITIALIZED_AUTOS = YES_AGGRESSIVE;
				GCC_WARN_UNUSED_FUNCTION = YES;
				GCC_WARN_UNUSED_VARIABLE = YES;
				IPHONEOS_DEPLOYMENT_TARGET = 12.2;
				MTL_ENABLE_DEBUG_INFO = NO;
				MTL_FAST_MATH = YES;
				SDKROOT = iphoneos;
				SWIFT_COMPILATION_MODE = wholemodule;
				SWIFT_OPTIMIZATION_LEVEL = "-O";
				VALIDATE_PRODUCT = YES;
			};
			name = Release;
		};
		552C373B228A033500E0EE92 /* Debug */ = {
			isa = XCBuildConfiguration;
			baseConfigurationReference = EFCF1694E7F63B1F12980A0A /* Pods-Wack.debug.xcconfig */;
			buildSettings = {
				ASSETCATALOG_COMPILER_APPICON_NAME = AppIcon;
				CLANG_ENABLE_MODULES = YES;
				CODE_SIGN_STYLE = Automatic;
				DEVELOPMENT_TEAM = 4T3CJYS2MB;
				INFOPLIST_FILE = Wack/Info.plist;
				LD_RUNPATH_SEARCH_PATHS = (
					"$(inherited)",
					"@executable_path/Frameworks",
				);
				PRODUCT_BUNDLE_IDENTIFIER = com.sbassett1.Wack;
				PRODUCT_NAME = "$(TARGET_NAME)";
				SWIFT_OBJC_BRIDGING_HEADER = "Wack/SupportingFiles/Wack-Bridging-Header.h";
				SWIFT_OPTIMIZATION_LEVEL = "-Onone";
				SWIFT_VERSION = 5.0;
				TARGETED_DEVICE_FAMILY = "1,2";
			};
			name = Debug;
		};
		552C373C228A033500E0EE92 /* Release */ = {
			isa = XCBuildConfiguration;
			baseConfigurationReference = 2A9D94278E9360A6943343C6 /* Pods-Wack.release.xcconfig */;
			buildSettings = {
				ASSETCATALOG_COMPILER_APPICON_NAME = AppIcon;
				CLANG_ENABLE_MODULES = YES;
				CODE_SIGN_STYLE = Automatic;
				DEVELOPMENT_TEAM = 4T3CJYS2MB;
				INFOPLIST_FILE = Wack/Info.plist;
				LD_RUNPATH_SEARCH_PATHS = (
					"$(inherited)",
					"@executable_path/Frameworks",
				);
				PRODUCT_BUNDLE_IDENTIFIER = com.sbassett1.Wack;
				PRODUCT_NAME = "$(TARGET_NAME)";
				SWIFT_OBJC_BRIDGING_HEADER = "Wack/SupportingFiles/Wack-Bridging-Header.h";
				SWIFT_VERSION = 5.0;
				TARGETED_DEVICE_FAMILY = "1,2";
			};
			name = Release;
		};
/* End XCBuildConfiguration section */

/* Begin XCConfigurationList section */
		552C3723228A033400E0EE92 /* Build configuration list for PBXProject "Wack" */ = {
			isa = XCConfigurationList;
			buildConfigurations = (
				552C3738228A033500E0EE92 /* Debug */,
				552C3739228A033500E0EE92 /* Release */,
			);
			defaultConfigurationIsVisible = 0;
			defaultConfigurationName = Release;
		};
		552C373A228A033500E0EE92 /* Build configuration list for PBXNativeTarget "Wack" */ = {
			isa = XCConfigurationList;
			buildConfigurations = (
				552C373B228A033500E0EE92 /* Debug */,
				552C373C228A033500E0EE92 /* Release */,
			);
			defaultConfigurationIsVisible = 0;
			defaultConfigurationName = Release;
		};
/* End XCConfigurationList section */
	};
	rootObject = 552C3720228A033400E0EE92 /* Project object */;
}
